
Microsoft Visual Studio Solution File, Format Version 12.00
# Visual Studio 15
VisualStudioVersion = 15.0.28307.1169
MinimumVisualStudioVersion = 10.0.40219.1
Project("{FAE04EC0-301F-11D3-BF4B-00C04F79EFBC}") = "WindowsFormsApp1", "WindowsFormsApp1\WindowsFormsApp1.csproj", "{BDCEE6EC-7C38-4E19-86D5-38DAE735A7DD}"
EndProject
Global
	GlobalSection(SolutionConfigurationPlatforms) = preSolution
		Debug|Any CPU = Debug|Any CPU
		Release|Any CPU = Release|Any CPU
	EndGlobalSection
	GlobalSection(ProjectConfigurationPlatforms) = postSolution
		{BDCEE6EC-7C38-4E19-86D5-38DAE735A7DD}.Debug|Any CPU.ActiveCfg = Debug|Any CPU
		{BDCEE6EC-7C38-4E19-86D5-38DAE735A7DD}.Debug|Any CPU.Build.0 = Debug|Any CPU
		{BDCEE6EC-7C38-4E19-86D5-38DAE735A7DD}.Release|Any CPU.ActiveCfg = Release|Any CPU
		{BDCEE6EC-7C38-4E19-86D5-38DAE735A7DD}.Release|Any CPU.Build.0 = Release|Any CPU
	EndGlobalSection
	GlobalSection(SolutionProperties) = preSolution
		HideSolutionNode = FALSE
	EndGlobalSection
	GlobalSection(ExtensibilityGlobals) = postSolution
		SolutionGuid = {8119E541-B270-47DD-8790-48F547A74B27}
	EndGlobalSection
EndGlobal
